PODS:
  - CHTCollectionViewWaterfallLayout (0.9.5):
    - CHTCollectionViewWaterfallLayout/ObjC (= 0.9.5)
  - CHTCollectionViewWaterfallLayout/ObjC (0.9.5)
  - JSONModel (1.7.0)
  - SAMKeychain (1.5.2)

DEPENDENCIES:
  - CHTCollectionViewWaterfallLayout
  - JSONModel
  - SAMKeychain

SPEC CHECKSUMS:
  CHTCollectionViewWaterfallLayout: 775ff73f48cfc13859b62d8bceb96e772e4a0318
  JSONModel: 840bc0fcffb24b8454d2c026bf26fea454b8e98d
  SAMKeychain: 1865333198217411f35327e8da61b43de79b635b

PODFILE CHECKSUM: 521301d54fcd6b4b1e0417e47fe3202eb3b11a2d

COCOAPODS: 1.0.0
